{
  "name": "examples",
  "version": "1.0.0",
  "lockfileVersion": 3,
  "requires": true,
  "packages": {
    "": {
      "dependencies": {
        "@digital-go-jp/design-tokens": "^0.1.7"
      }
    },
    "node_modules/@digital-go-jp/design-tokens": {
      "version": "0.1.7",
      "resolved": "https://registry.npmjs.org/@digital-go-jp/design-tokens/-/design-tokens-0.1.7.tgz",
      "integrity": "sha512-apKZ/fF5nj25wcQmBw5Zpfbvp33iioqoInIN2k2SXh7a6bgWksLeb0Jr0jns99Hr+EcI/vdmaculhZbgkqmogA==",
      "license": "MIT",
      "engines": {
        "node": ">=18"
      }
    }
  }
}
