{
  "name": "examples",
  "version": "1.0.0",
  "lockfileVersion": 3,
  "requires": true,
  "packages": {
    "": {
      "name": "examples",
      "version": "1.0.0",
      "dependencies": {
        "@digital-go-jp/design-tokens": "^0.1.6"
      }
    },
    "node_modules/@digital-go-jp/design-tokens": {
      "version": "0.1.6",
      "resolved": "https://registry.npmjs.org/@digital-go-jp/design-tokens/-/design-tokens-0.1.6.tgz",
      "integrity": "sha512-Si1xBZlyqH1SuEpyg81lJd7qQ9xr+SeR6Y6eflnf0WLjCNpNIUJHUF8W+jh/Hp94yAeN/SxZ71+w+GrpIqVuzg==",
      "engines": {
        "node": ">=18"
      }
    }
  }
}
